
Microsoft Visual Studio Solution File, Format Version 12.00
# Visual Studio 15
VisualStudioVersion = 15.0.26124.0
MinimumVisualStudioVersion = 15.0.26124.0
Project("{2150E333-8FDC-42A3-9474-1A3956D46DE8}") = "src", "src", "{EACD8A18-8830-471F-B597-EFCD63AF0DCF}"
EndProject
Project("{FAE04EC0-301F-11D3-BF4B-00C04F79EFBC}") = "CleanWebApi.Application", "src\CleanWebApi.Application\CleanWebApi.Application.csproj", "{0F89A89B-96D2-4179-92FA-D4670A90FDCD}"
EndProject
Project("{FAE04EC0-301F-11D3-BF4B-00C04F79EFBC}") = "CleanWebApi.Domain", "src\CleanWebApi.Domain\CleanWebApi.Domain.csproj", "{2B1372BD-FD77-44F0-84C4-93058F73C4A8}"
EndProject
Project("{FAE04EC0-301F-11D3-BF4B-00C04F79EFBC}") = "CleanWebApi.Infrastructure", "src\CleanWebApi.Infrastructure\CleanWebApi.Infrastructure.csproj", "{1BDEF955-408D-471E-9384-4498ABD5CFEE}"
EndProject
Project("{FAE04EC0-301F-11D3-BF4B-00C04F79EFBC}") = "CleanWebApi.Persistence", "src\CleanWebApi.Persistence\CleanWebApi.Persistence.csproj", "{84819BAC-E514-4089-9371-E0DDFB60BEE2}"
EndProject
Project("{FAE04EC0-301F-11D3-BF4B-00C04F79EFBC}") = "CleanWebApi.WebApi", "src\CleanWebApi.WebApi\CleanWebApi.WebApi.csproj", "{5F53CD4D-A255-4FEE-AC1D-B15A274D2E24}"
EndProject
Global
	GlobalSection(SolutionConfigurationPlatforms) = preSolution
		Debug|Any CPU = Debug|Any CPU
		Debug|x64 = Debug|x64
		Debug|x86 = Debug|x86
		Release|Any CPU = Release|Any CPU
		Release|x64 = Release|x64
		Release|x86 = Release|x86
	EndGlobalSection
	GlobalSection(SolutionProperties) = preSolution
		HideSolutionNode = FALSE
	EndGlobalSection
	GlobalSection(ProjectConfigurationPlatforms) = postSolution
		{0F89A89B-96D2-4179-92FA-D4670A90FDCD}.Debug|Any CPU.ActiveCfg = Debug|Any CPU
		{0F89A89B-96D2-4179-92FA-D4670A90FDCD}.Debug|Any CPU.Build.0 = Debug|Any CPU
		{0F89A89B-96D2-4179-92FA-D4670A90FDCD}.Debug|x64.ActiveCfg = Debug|Any CPU
		{0F89A89B-96D2-4179-92FA-D4670A90FDCD}.Debug|x64.Build.0 = Debug|Any CPU
		{0F89A89B-96D2-4179-92FA-D4670A90FDCD}.Debug|x86.ActiveCfg = Debug|Any CPU
		{0F89A89B-96D2-4179-92FA-D4670A90FDCD}.Debug|x86.Build.0 = Debug|Any CPU
		{0F89A89B-96D2-4179-92FA-D4670A90FDCD}.Release|Any CPU.ActiveCfg = Release|Any CPU
		{0F89A89B-96D2-4179-92FA-D4670A90FDCD}.Release|Any CPU.Build.0 = Release|Any CPU
		{0F89A89B-96D2-4179-92FA-D4670A90FDCD}.Release|x64.ActiveCfg = Release|Any CPU
		{0F89A89B-96D2-4179-92FA-D4670A90FDCD}.Release|x64.Build.0 = Release|Any CPU
		{0F89A89B-96D2-4179-92FA-D4670A90FDCD}.Release|x86.ActiveCfg = Release|Any CPU
		{0F89A89B-96D2-4179-92FA-D4670A90FDCD}.Release|x86.Build.0 = Release|Any CPU
		{2B1372BD-FD77-44F0-84C4-93058F73C4A8}.Debug|Any CPU.ActiveCfg = Debug|Any CPU
		{2B1372BD-FD77-44F0-84C4-93058F73C4A8}.Debug|Any CPU.Build.0 = Debug|Any CPU
		{2B1372BD-FD77-44F0-84C4-93058F73C4A8}.Debug|x64.ActiveCfg = Debug|Any CPU
		{2B1372BD-FD77-44F0-84C4-93058F73C4A8}.Debug|x64.Build.0 = Debug|Any CPU
		{2B1372BD-FD77-44F0-84C4-93058F73C4A8}.Debug|x86.ActiveCfg = Debug|Any CPU
		{2B1372BD-FD77-44F0-84C4-93058F73C4A8}.Debug|x86.Build.0 = Debug|Any CPU
		{2B1372BD-FD77-44F0-84C4-93058F73C4A8}.Release|Any CPU.ActiveCfg = Release|Any CPU
		{2B1372BD-FD77-44F0-84C4-93058F73C4A8}.Release|Any CPU.Build.0 = Release|Any CPU
		{2B1372BD-FD77-44F0-84C4-93058F73C4A8}.Release|x64.ActiveCfg = Release|Any CPU
		{2B1372BD-FD77-44F0-84C4-93058F73C4A8}.Release|x64.Build.0 = Release|Any CPU
		{2B1372BD-FD77-44F0-84C4-93058F73C4A8}.Release|x86.ActiveCfg = Release|Any CPU
		{2B1372BD-FD77-44F0-84C4-93058F73C4A8}.Release|x86.Build.0 = Release|Any CPU
		{1BDEF955-408D-471E-9384-4498ABD5CFEE}.Debug|Any CPU.ActiveCfg = Debug|Any CPU
		{1BDEF955-408D-471E-9384-4498ABD5CFEE}.Debug|Any CPU.Build.0 = Debug|Any CPU
		{1BDEF955-408D-471E-9384-4498ABD5CFEE}.Debug|x64.ActiveCfg = Debug|Any CPU
		{1BDEF955-408D-471E-9384-4498ABD5CFEE}.Debug|x64.Build.0 = Debug|Any CPU
		{1BDEF955-408D-471E-9384-4498ABD5CFEE}.Debug|x86.ActiveCfg = Debug|Any CPU
		{1BDEF955-408D-471E-9384-4498ABD5CFEE}.Debug|x86.Build.0 = Debug|Any CPU
		{1BDEF955-408D-471E-9384-4498ABD5CFEE}.Release|Any CPU.ActiveCfg = Release|Any CPU
		{1BDEF955-408D-471E-9384-4498ABD5CFEE}.Release|Any CPU.Build.0 = Release|Any CPU
		{1BDEF955-408D-471E-9384-4498ABD5CFEE}.Release|x64.ActiveCfg = Release|Any CPU
		{1BDEF955-408D-471E-9384-4498ABD5CFEE}.Release|x64.Build.0 = Release|Any CPU
		{1BDEF955-408D-471E-9384-4498ABD5CFEE}.Release|x86.ActiveCfg = Release|Any CPU
		{1BDEF955-408D-471E-9384-4498ABD5CFEE}.Release|x86.Build.0 = Release|Any CPU
		{84819BAC-E514-4089-9371-E0DDFB60BEE2}.Debug|Any CPU.ActiveCfg = Debug|Any CPU
		{84819BAC-E514-4089-9371-E0DDFB60BEE2}.Debug|Any CPU.Build.0 = Debug|Any CPU
		{84819BAC-E514-4089-9371-E0DDFB60BEE2}.Debug|x64.ActiveCfg = Debug|Any CPU
		{84819BAC-E514-4089-9371-E0DDFB60BEE2}.Debug|x64.Build.0 = Debug|Any CPU
		{84819BAC-E514-4089-9371-E0DDFB60BEE2}.Debug|x86.ActiveCfg = Debug|Any CPU
		{84819BAC-E514-4089-9371-E0DDFB60BEE2}.Debug|x86.Build.0 = Debug|Any CPU
		{84819BAC-E514-4089-9371-E0DDFB60BEE2}.Release|Any CPU.ActiveCfg = Release|Any CPU
		{84819BAC-E514-4089-9371-E0DDFB60BEE2}.Release|Any CPU.Build.0 = Release|Any CPU
		{84819BAC-E514-4089-9371-E0DDFB60BEE2}.Release|x64.ActiveCfg = Release|Any CPU
		{84819BAC-E514-4089-9371-E0DDFB60BEE2}.Release|x64.Build.0 = Release|Any CPU
		{84819BAC-E514-4089-9371-E0DDFB60BEE2}.Release|x86.ActiveCfg = Release|Any CPU
		{84819BAC-E514-4089-9371-E0DDFB60BEE2}.Release|x86.Build.0 = Release|Any CPU
		{5F53CD4D-A255-4FEE-AC1D-B15A274D2E24}.Debug|Any CPU.ActiveCfg = Debug|Any CPU
		{5F53CD4D-A255-4FEE-AC1D-B15A274D2E24}.Debug|Any CPU.Build.0 = Debug|Any CPU
		{5F53CD4D-A255-4FEE-AC1D-B15A274D2E24}.Debug|x64.ActiveCfg = Debug|Any CPU
		{5F53CD4D-A255-4FEE-AC1D-B15A274D2E24}.Debug|x64.Build.0 = Debug|Any CPU
		{5F53CD4D-A255-4FEE-AC1D-B15A274D2E24}.Debug|x86.ActiveCfg = Debug|Any CPU
		{5F53CD4D-A255-4FEE-AC1D-B15A274D2E24}.Debug|x86.Build.0 = Debug|Any CPU
		{5F53CD4D-A255-4FEE-AC1D-B15A274D2E24}.Release|Any CPU.ActiveCfg = Release|Any CPU
		{5F53CD4D-A255-4FEE-AC1D-B15A274D2E24}.Release|Any CPU.Build.0 = Release|Any CPU
		{5F53CD4D-A255-4FEE-AC1D-B15A274D2E24}.Release|x64.ActiveCfg = Release|Any CPU
		{5F53CD4D-A255-4FEE-AC1D-B15A274D2E24}.Release|x64.Build.0 = Release|Any CPU
		{5F53CD4D-A255-4FEE-AC1D-B15A274D2E24}.Release|x86.ActiveCfg = Release|Any CPU
		{5F53CD4D-A255-4FEE-AC1D-B15A274D2E24}.Release|x86.Build.0 = Release|Any CPU
	EndGlobalSection
	GlobalSection(NestedProjects) = preSolution
		{0F89A89B-96D2-4179-92FA-D4670A90FDCD} = {EACD8A18-8830-471F-B597-EFCD63AF0DCF}
		{2B1372BD-FD77-44F0-84C4-93058F73C4A8} = {EACD8A18-8830-471F-B597-EFCD63AF0DCF}
		{1BDEF955-408D-471E-9384-4498ABD5CFEE} = {EACD8A18-8830-471F-B597-EFCD63AF0DCF}
		{84819BAC-E514-4089-9371-E0DDFB60BEE2} = {EACD8A18-8830-471F-B597-EFCD63AF0DCF}
		{5F53CD4D-A255-4FEE-AC1D-B15A274D2E24} = {EACD8A18-8830-471F-B597-EFCD63AF0DCF}
	EndGlobalSection
EndGlobal
